
Microsoft Visual Studio Solution File, Format Version 12.00
# Visual Studio Version 16
VisualStudioVersion = 16.0.29519.87
MinimumVisualStudioVersion = 10.0.40219.1
Project("{FAE04EC0-301F-11D3-BF4B-00C04F79EFBC}") = "ConsoleApp1", "ConsoleApp1.csproj", "{A8CAB8D5-A0B4-4EDF-9CA6-7FE052BDBCAE}"
EndProject
Global
	GlobalSection(SolutionConfigurationPlatforms) = preSolution
		Debug|Any CPU = Debug|Any CPU
		Release|Any CPU = Release|Any CPU
	EndGlobalSection
	GlobalSection(ProjectConfigurationPlatforms) = postSolution
		{A8CAB8D5-A0B4-4EDF-9CA6-7FE052BDBCAE}.Debug|Any CPU.ActiveCfg = Debug|Any CPU
		{A8CAB8D5-A0B4-4EDF-9CA6-7FE052BDBCAE}.Debug|Any CPU.Build.0 = Debug|Any CPU
		{A8CAB8D5-A0B4-4EDF-9CA6-7FE052BDBCAE}.Release|Any CPU.ActiveCfg = Release|Any CPU
		{A8CAB8D5-A0B4-4EDF-9CA6-7FE052BDBCAE}.Release|Any CPU.Build.0 = Release|Any CPU
	EndGlobalSection
	GlobalSection(SolutionProperties) = preSolution
		HideSolutionNode = FALSE
	EndGlobalSection
	GlobalSection(ExtensibilityGlobals) = postSolution
		SolutionGuid = {D8B50770-D48F-4147-8227-2292616D70A2}
	EndGlobalSection
EndGlobal
